
Microsoft Visual Studio Solution File, Format Version 12.00
# Visual Studio Version 17
VisualStudioVersion = 17.0.31903.59
MinimumVisualStudioVersion = 10.0.40219.1
Project("{2150E333-8FDC-42A3-9474-1A3956D46DE8}") = "src", "src", "{ED88CA7B-1933-4190-8858-236697D02184}"
EndProject
Project("{FAE04EC0-301F-11D3-BF4B-00C04F79EFBC}") = "API", "src\API\API.csproj", "{7C3A56CF-8242-4BB0-BB1C-C7BE4C3854DE}"
EndProject
Project("{FAE04EC0-301F-11D3-BF4B-00C04F79EFBC}") = "Domain", "src\Domain\Domain.csproj", "{ACDEF810-4E88-4F5B-9C33-47DFBCB14FFB}"
EndProject
Project("{FAE04EC0-301F-11D3-BF4B-00C04F79EFBC}") = "UseCases", "src\UseCases\UseCases.csproj", "{8A089A98-9205-4B70-B83D-04D9C92139FF}"
EndProject
Project("{2150E333-8FDC-42A3-9474-1A3956D46DE8}") = "tests", "tests", "{44B71456-5505-411B-B384-450B00E7BF91}"
EndProject
Project("{FAE04EC0-301F-11D3-BF4B-00C04F79EFBC}") = "UseCases.Tests", "tests\UseCases.Tests\UseCases.Tests.csproj", "{85DC33AB-276A-40C4-93D9-AB364A3C3BE6}"
EndProject
Project("{2150E333-8FDC-42A3-9474-1A3956D46DE8}") = "Infrastructure", "Infrastructure", "{CE44027C-FF84-4588-BFAA-BF2DAA74D5FF}"
EndProject
Project("{FAE04EC0-301F-11D3-BF4B-00C04F79EFBC}") = "Persistance.Command", "src\Infrastructure\Persistance.Command\Persistance.Command.csproj", "{320D0FFE-AD9F-4B0D-9880-21688388F8A4}"
EndProject
Project("{FAE04EC0-301F-11D3-BF4B-00C04F79EFBC}") = "Persistance.Query.Dapper", "src\Infrastructure\Persistance.Query.Dapper\Persistance.Query.Dapper.csproj", "{AA6F096A-59E7-450B-B6B8-AA7F746ED655}"
EndProject
Project("{FAE04EC0-301F-11D3-BF4B-00C04F79EFBC}") = "Infrastructure", "src\Infrastructure\Infrastructure\Infrastructure.csproj", "{7ACE3691-CE1E-4CEC-B212-DF5F38B535BD}"
EndProject
Project("{FAE04EC0-301F-11D3-BF4B-00C04F79EFBC}") = "Persistance.QueryDapper.Test", "tests\Persistance.QueryDapper.Test\Persistance.QueryDapper.Test.csproj", "{E709EAA5-05C7-431D-A59C-C36C60BFCBA8}"
EndProject
Project("{FAE04EC0-301F-11D3-BF4B-00C04F79EFBC}") = "DriverAPI.IntegrationTests", "tests\DriverAPI.IntegrationTests\DriverAPI.IntegrationTests.csproj", "{E0C415D3-CD91-4587-9D19-8780C4948DDF}"
EndProject
Global
	GlobalSection(SolutionConfigurationPlatforms) = preSolution
		Debug|Any CPU = Debug|Any CPU
		Release|Any CPU = Release|Any CPU
	EndGlobalSection
	GlobalSection(SolutionProperties) = preSolution
		HideSolutionNode = FALSE
	EndGlobalSection
	GlobalSection(ProjectConfigurationPlatforms) = postSolution
		{7C3A56CF-8242-4BB0-BB1C-C7BE4C3854DE}.Debug|Any CPU.ActiveCfg = Debug|Any CPU
		{7C3A56CF-8242-4BB0-BB1C-C7BE4C3854DE}.Debug|Any CPU.Build.0 = Debug|Any CPU
		{7C3A56CF-8242-4BB0-BB1C-C7BE4C3854DE}.Release|Any CPU.ActiveCfg = Release|Any CPU
		{7C3A56CF-8242-4BB0-BB1C-C7BE4C3854DE}.Release|Any CPU.Build.0 = Release|Any CPU
		{ACDEF810-4E88-4F5B-9C33-47DFBCB14FFB}.Debug|Any CPU.ActiveCfg = Debug|Any CPU
		{ACDEF810-4E88-4F5B-9C33-47DFBCB14FFB}.Debug|Any CPU.Build.0 = Debug|Any CPU
		{ACDEF810-4E88-4F5B-9C33-47DFBCB14FFB}.Release|Any CPU.ActiveCfg = Release|Any CPU
		{ACDEF810-4E88-4F5B-9C33-47DFBCB14FFB}.Release|Any CPU.Build.0 = Release|Any CPU
		{8A089A98-9205-4B70-B83D-04D9C92139FF}.Debug|Any CPU.ActiveCfg = Debug|Any CPU
		{8A089A98-9205-4B70-B83D-04D9C92139FF}.Debug|Any CPU.Build.0 = Debug|Any CPU
		{8A089A98-9205-4B70-B83D-04D9C92139FF}.Release|Any CPU.ActiveCfg = Release|Any CPU
		{8A089A98-9205-4B70-B83D-04D9C92139FF}.Release|Any CPU.Build.0 = Release|Any CPU
		{85DC33AB-276A-40C4-93D9-AB364A3C3BE6}.Debug|Any CPU.ActiveCfg = Debug|Any CPU
		{85DC33AB-276A-40C4-93D9-AB364A3C3BE6}.Debug|Any CPU.Build.0 = Debug|Any CPU
		{85DC33AB-276A-40C4-93D9-AB364A3C3BE6}.Release|Any CPU.ActiveCfg = Release|Any CPU
		{85DC33AB-276A-40C4-93D9-AB364A3C3BE6}.Release|Any CPU.Build.0 = Release|Any CPU
		{320D0FFE-AD9F-4B0D-9880-21688388F8A4}.Debug|Any CPU.ActiveCfg = Debug|Any CPU
		{320D0FFE-AD9F-4B0D-9880-21688388F8A4}.Debug|Any CPU.Build.0 = Debug|Any CPU
		{320D0FFE-AD9F-4B0D-9880-21688388F8A4}.Release|Any CPU.ActiveCfg = Release|Any CPU
		{320D0FFE-AD9F-4B0D-9880-21688388F8A4}.Release|Any CPU.Build.0 = Release|Any CPU
		{AA6F096A-59E7-450B-B6B8-AA7F746ED655}.Debug|Any CPU.ActiveCfg = Debug|Any CPU
		{AA6F096A-59E7-450B-B6B8-AA7F746ED655}.Debug|Any CPU.Build.0 = Debug|Any CPU
		{AA6F096A-59E7-450B-B6B8-AA7F746ED655}.Release|Any CPU.ActiveCfg = Release|Any CPU
		{AA6F096A-59E7-450B-B6B8-AA7F746ED655}.Release|Any CPU.Build.0 = Release|Any CPU
		{7ACE3691-CE1E-4CEC-B212-DF5F38B535BD}.Debug|Any CPU.ActiveCfg = Debug|Any CPU
		{7ACE3691-CE1E-4CEC-B212-DF5F38B535BD}.Debug|Any CPU.Build.0 = Debug|Any CPU
		{7ACE3691-CE1E-4CEC-B212-DF5F38B535BD}.Release|Any CPU.ActiveCfg = Release|Any CPU
		{7ACE3691-CE1E-4CEC-B212-DF5F38B535BD}.Release|Any CPU.Build.0 = Release|Any CPU
		{E709EAA5-05C7-431D-A59C-C36C60BFCBA8}.Debug|Any CPU.ActiveCfg = Debug|Any CPU
		{E709EAA5-05C7-431D-A59C-C36C60BFCBA8}.Debug|Any CPU.Build.0 = Debug|Any CPU
		{E709EAA5-05C7-431D-A59C-C36C60BFCBA8}.Release|Any CPU.ActiveCfg = Release|Any CPU
		{E709EAA5-05C7-431D-A59C-C36C60BFCBA8}.Release|Any CPU.Build.0 = Release|Any CPU
		{E0C415D3-CD91-4587-9D19-8780C4948DDF}.Debug|Any CPU.ActiveCfg = Debug|Any CPU
		{E0C415D3-CD91-4587-9D19-8780C4948DDF}.Debug|Any CPU.Build.0 = Debug|Any CPU
		{E0C415D3-CD91-4587-9D19-8780C4948DDF}.Release|Any CPU.ActiveCfg = Release|Any CPU
		{E0C415D3-CD91-4587-9D19-8780C4948DDF}.Release|Any CPU.Build.0 = Release|Any CPU
	EndGlobalSection
	GlobalSection(NestedProjects) = preSolution
		{7C3A56CF-8242-4BB0-BB1C-C7BE4C3854DE} = {ED88CA7B-1933-4190-8858-236697D02184}
		{ACDEF810-4E88-4F5B-9C33-47DFBCB14FFB} = {ED88CA7B-1933-4190-8858-236697D02184}
		{8A089A98-9205-4B70-B83D-04D9C92139FF} = {ED88CA7B-1933-4190-8858-236697D02184}
		{85DC33AB-276A-40C4-93D9-AB364A3C3BE6} = {44B71456-5505-411B-B384-450B00E7BF91}
		{CE44027C-FF84-4588-BFAA-BF2DAA74D5FF} = {ED88CA7B-1933-4190-8858-236697D02184}
		{320D0FFE-AD9F-4B0D-9880-21688388F8A4} = {CE44027C-FF84-4588-BFAA-BF2DAA74D5FF}
		{AA6F096A-59E7-450B-B6B8-AA7F746ED655} = {CE44027C-FF84-4588-BFAA-BF2DAA74D5FF}
		{7ACE3691-CE1E-4CEC-B212-DF5F38B535BD} = {CE44027C-FF84-4588-BFAA-BF2DAA74D5FF}
		{E709EAA5-05C7-431D-A59C-C36C60BFCBA8} = {44B71456-5505-411B-B384-450B00E7BF91}
		{E0C415D3-CD91-4587-9D19-8780C4948DDF} = {44B71456-5505-411B-B384-450B00E7BF91}
	EndGlobalSection
EndGlobal
